
Microsoft Visual Studio Solution File, Format Version 12.00
# Visual Studio Version 16
VisualStudioVersion = 16.0.31409.214
MinimumVisualStudioVersion = 10.0.40219.1
Project("{FAE04EC0-301F-11D3-BF4B-00C04F79EFBC}") = "NodeSimulator", "NodeSimulator.csproj", "{C53D842B-2D63-4F3F-BBDE-99C2C6F15598}"
EndProject
Project("{9A19103F-16F7-4668-BE54-9A1E7A4F7556}") = "NodeSimulatorTests", "..\NodeSimulatorTests\NodeSimulatorTests.csproj", "{65679562-4B70-47FD-88C0-9C9ECAECB352}"
EndProject
Global
	GlobalSection(SolutionConfigurationPlatforms) = preSolution
		Debug|Any CPU = Debug|Any CPU
		Release|Any CPU = Release|Any CPU
	EndGlobalSection
	GlobalSection(ProjectConfigurationPlatforms) = postSolution
		{C53D842B-2D63-4F3F-BBDE-99C2C6F15598}.Debug|Any CPU.ActiveCfg = Debug|Any CPU
		{C53D842B-2D63-4F3F-BBDE-99C2C6F15598}.Debug|Any CPU.Build.0 = Debug|Any CPU
		{C53D842B-2D63-4F3F-BBDE-99C2C6F15598}.Release|Any CPU.ActiveCfg = Release|Any CPU
		{C53D842B-2D63-4F3F-BBDE-99C2C6F15598}.Release|Any CPU.Build.0 = Release|Any CPU
		{65679562-4B70-47FD-88C0-9C9ECAECB352}.Debug|Any CPU.ActiveCfg = Debug|Any CPU
		{65679562-4B70-47FD-88C0-9C9ECAECB352}.Debug|Any CPU.Build.0 = Debug|Any CPU
		{65679562-4B70-47FD-88C0-9C9ECAECB352}.Release|Any CPU.ActiveCfg = Release|Any CPU
		{65679562-4B70-47FD-88C0-9C9ECAECB352}.Release|Any CPU.Build.0 = Release|Any CPU
	EndGlobalSection
	GlobalSection(SolutionProperties) = preSolution
		HideSolutionNode = FALSE
	EndGlobalSection
	GlobalSection(ExtensibilityGlobals) = postSolution
		SolutionGuid = {D13FFBDE-00B8-4E86-8F7E-EB947B09DC55}
	EndGlobalSection
EndGlobal
